
Microsoft Visual Studio Solution File, Format Version 12.00
# Visual Studio Version 17
VisualStudioVersion = 17.10.35027.167
MinimumVisualStudioVersion = 10.0.40219.1
Project("{9A19103F-16F7-4668-BE54-9A1E7A4F7556}") = "WhatTheTea.AlbumApp", "WhatTheTea.AlbumApp\WhatTheTea.AlbumApp.csproj", "{1531233E-560F-4460-A3DF-439EC1D4AE3A}"
EndProject
Project("{2150E333-8FDC-42A3-9474-1A3956D46DE8}") = "Solution Items", "Solution Items", "{A08D77BF-4C3B-433D-BF19-093922D79D9F}"
	ProjectSection(SolutionItems) = preProject
		.editorconfig = .editorconfig
	EndProjectSection
EndProject
Project("{9A19103F-16F7-4668-BE54-9A1E7A4F7556}") = "WhatTheTea.ImageViewer", "WhatTheTea.ImageViewer\WhatTheTea.ImageViewer.csproj", "{3C23EE6D-886D-4A51-AE1F-1BEFFC5252BA}"
EndProject
Project("{9A19103F-16F7-4668-BE54-9A1E7A4F7556}") = "WhatTheTea.PhotoMaker", "WhatTheTea.PhotoMaker\WhatTheTea.PhotoMaker.csproj", "{DA56C488-6F0C-4677-957F-3CA766D52967}"
EndProject
Project("{FAE04EC0-301F-11D3-BF4B-00C04F79EFBC}") = "WhatTheTea.MarketApp", "WhatTheTea.MarketApp\WhatTheTea.MarketApp.csproj", "{76464931-D473-4F48-BF0E-A44773E89AED}"
EndProject
Global
	GlobalSection(SolutionConfigurationPlatforms) = preSolution
		Debug|ARM64 = Debug|ARM64
		Debug|x64 = Debug|x64
		Debug|x86 = Debug|x86
		Release|ARM64 = Release|ARM64
		Release|x64 = Release|x64
		Release|x86 = Release|x86
	EndGlobalSection
	GlobalSection(ProjectConfigurationPlatforms) = postSolution
		{1531233E-560F-4460-A3DF-439EC1D4AE3A}.Debug|ARM64.ActiveCfg = Debug|ARM64
		{1531233E-560F-4460-A3DF-439EC1D4AE3A}.Debug|ARM64.Build.0 = Debug|ARM64
		{1531233E-560F-4460-A3DF-439EC1D4AE3A}.Debug|ARM64.Deploy.0 = Debug|ARM64
		{1531233E-560F-4460-A3DF-439EC1D4AE3A}.Debug|x64.ActiveCfg = Debug|x64
		{1531233E-560F-4460-A3DF-439EC1D4AE3A}.Debug|x64.Build.0 = Debug|x64
		{1531233E-560F-4460-A3DF-439EC1D4AE3A}.Debug|x64.Deploy.0 = Debug|x64
		{1531233E-560F-4460-A3DF-439EC1D4AE3A}.Debug|x86.ActiveCfg = Debug|x86
		{1531233E-560F-4460-A3DF-439EC1D4AE3A}.Debug|x86.Build.0 = Debug|x86
		{1531233E-560F-4460-A3DF-439EC1D4AE3A}.Debug|x86.Deploy.0 = Debug|x86
		{1531233E-560F-4460-A3DF-439EC1D4AE3A}.Release|ARM64.ActiveCfg = Release|ARM64
		{1531233E-560F-4460-A3DF-439EC1D4AE3A}.Release|ARM64.Build.0 = Release|ARM64
		{1531233E-560F-4460-A3DF-439EC1D4AE3A}.Release|ARM64.Deploy.0 = Release|ARM64
		{1531233E-560F-4460-A3DF-439EC1D4AE3A}.Release|x64.ActiveCfg = Release|x64
		{1531233E-560F-4460-A3DF-439EC1D4AE3A}.Release|x64.Build.0 = Release|x64
		{1531233E-560F-4460-A3DF-439EC1D4AE3A}.Release|x64.Deploy.0 = Release|x64
		{1531233E-560F-4460-A3DF-439EC1D4AE3A}.Release|x86.ActiveCfg = Release|x86
		{1531233E-560F-4460-A3DF-439EC1D4AE3A}.Release|x86.Build.0 = Release|x86
		{1531233E-560F-4460-A3DF-439EC1D4AE3A}.Release|x86.Deploy.0 = Release|x86
		{3C23EE6D-886D-4A51-AE1F-1BEFFC5252BA}.Debug|ARM64.ActiveCfg = Debug|ARM64
		{3C23EE6D-886D-4A51-AE1F-1BEFFC5252BA}.Debug|ARM64.Build.0 = Debug|ARM64
		{3C23EE6D-886D-4A51-AE1F-1BEFFC5252BA}.Debug|ARM64.Deploy.0 = Debug|ARM64
		{3C23EE6D-886D-4A51-AE1F-1BEFFC5252BA}.Debug|x64.ActiveCfg = Debug|x64
		{3C23EE6D-886D-4A51-AE1F-1BEFFC5252BA}.Debug|x64.Build.0 = Debug|x64
		{3C23EE6D-886D-4A51-AE1F-1BEFFC5252BA}.Debug|x64.Deploy.0 = Debug|x64
		{3C23EE6D-886D-4A51-AE1F-1BEFFC5252BA}.Debug|x86.ActiveCfg = Debug|x86
		{3C23EE6D-886D-4A51-AE1F-1BEFFC5252BA}.Debug|x86.Build.0 = Debug|x86
		{3C23EE6D-886D-4A51-AE1F-1BEFFC5252BA}.Debug|x86.Deploy.0 = Debug|x86
		{3C23EE6D-886D-4A51-AE1F-1BEFFC5252BA}.Release|ARM64.ActiveCfg = Release|ARM64
		{3C23EE6D-886D-4A51-AE1F-1BEFFC5252BA}.Release|ARM64.Build.0 = Release|ARM64
		{3C23EE6D-886D-4A51-AE1F-1BEFFC5252BA}.Release|ARM64.Deploy.0 = Release|ARM64
		{3C23EE6D-886D-4A51-AE1F-1BEFFC5252BA}.Release|x64.ActiveCfg = Release|x64
		{3C23EE6D-886D-4A51-AE1F-1BEFFC5252BA}.Release|x64.Build.0 = Release|x64
		{3C23EE6D-886D-4A51-AE1F-1BEFFC5252BA}.Release|x64.Deploy.0 = Release|x64
		{3C23EE6D-886D-4A51-AE1F-1BEFFC5252BA}.Release|x86.ActiveCfg = Release|x86
		{3C23EE6D-886D-4A51-AE1F-1BEFFC5252BA}.Release|x86.Build.0 = Release|x86
		{3C23EE6D-886D-4A51-AE1F-1BEFFC5252BA}.Release|x86.Deploy.0 = Release|x86
		{DA56C488-6F0C-4677-957F-3CA766D52967}.Debug|ARM64.ActiveCfg = Debug|ARM64
		{DA56C488-6F0C-4677-957F-3CA766D52967}.Debug|ARM64.Build.0 = Debug|ARM64
		{DA56C488-6F0C-4677-957F-3CA766D52967}.Debug|ARM64.Deploy.0 = Debug|ARM64
		{DA56C488-6F0C-4677-957F-3CA766D52967}.Debug|x64.ActiveCfg = Debug|x64
		{DA56C488-6F0C-4677-957F-3CA766D52967}.Debug|x64.Build.0 = Debug|x64
		{DA56C488-6F0C-4677-957F-3CA766D52967}.Debug|x64.Deploy.0 = Debug|x64
		{DA56C488-6F0C-4677-957F-3CA766D52967}.Debug|x86.ActiveCfg = Debug|x86
		{DA56C488-6F0C-4677-957F-3CA766D52967}.Debug|x86.Build.0 = Debug|x86
		{DA56C488-6F0C-4677-957F-3CA766D52967}.Debug|x86.Deploy.0 = Debug|x86
		{DA56C488-6F0C-4677-957F-3CA766D52967}.Release|ARM64.ActiveCfg = Release|ARM64
		{DA56C488-6F0C-4677-957F-3CA766D52967}.Release|ARM64.Build.0 = Release|ARM64
		{DA56C488-6F0C-4677-957F-3CA766D52967}.Release|ARM64.Deploy.0 = Release|ARM64
		{DA56C488-6F0C-4677-957F-3CA766D52967}.Release|x64.ActiveCfg = Release|x64
		{DA56C488-6F0C-4677-957F-3CA766D52967}.Release|x64.Build.0 = Release|x64
		{DA56C488-6F0C-4677-957F-3CA766D52967}.Release|x64.Deploy.0 = Release|x64
		{DA56C488-6F0C-4677-957F-3CA766D52967}.Release|x86.ActiveCfg = Release|x86
		{DA56C488-6F0C-4677-957F-3CA766D52967}.Release|x86.Build.0 = Release|x86
		{DA56C488-6F0C-4677-957F-3CA766D52967}.Release|x86.Deploy.0 = Release|x86
		{76464931-D473-4F48-BF0E-A44773E89AED}.Debug|ARM64.ActiveCfg = Debug|ARM64
		{76464931-D473-4F48-BF0E-A44773E89AED}.Debug|ARM64.Build.0 = Debug|ARM64
		{76464931-D473-4F48-BF0E-A44773E89AED}.Debug|ARM64.Deploy.0 = Debug|ARM64
		{76464931-D473-4F48-BF0E-A44773E89AED}.Debug|x64.ActiveCfg = Debug|x64
		{76464931-D473-4F48-BF0E-A44773E89AED}.Debug|x64.Build.0 = Debug|x64
		{76464931-D473-4F48-BF0E-A44773E89AED}.Debug|x64.Deploy.0 = Debug|x64
		{76464931-D473-4F48-BF0E-A44773E89AED}.Debug|x86.ActiveCfg = Debug|x86
		{76464931-D473-4F48-BF0E-A44773E89AED}.Debug|x86.Build.0 = Debug|x86
		{76464931-D473-4F48-BF0E-A44773E89AED}.Debug|x86.Deploy.0 = Debug|x86
		{76464931-D473-4F48-BF0E-A44773E89AED}.Release|ARM64.ActiveCfg = Release|ARM64
		{76464931-D473-4F48-BF0E-A44773E89AED}.Release|ARM64.Build.0 = Release|ARM64
		{76464931-D473-4F48-BF0E-A44773E89AED}.Release|ARM64.Deploy.0 = Release|ARM64
		{76464931-D473-4F48-BF0E-A44773E89AED}.Release|x64.ActiveCfg = Release|x64
		{76464931-D473-4F48-BF0E-A44773E89AED}.Release|x64.Build.0 = Release|x64
		{76464931-D473-4F48-BF0E-A44773E89AED}.Release|x64.Deploy.0 = Release|x64
		{76464931-D473-4F48-BF0E-A44773E89AED}.Release|x86.ActiveCfg = Release|x86
		{76464931-D473-4F48-BF0E-A44773E89AED}.Release|x86.Build.0 = Release|x86
		{76464931-D473-4F48-BF0E-A44773E89AED}.Release|x86.Deploy.0 = Release|x86
	EndGlobalSection
	GlobalSection(SolutionProperties) = preSolution
		HideSolutionNode = FALSE
	EndGlobalSection
	GlobalSection(ExtensibilityGlobals) = postSolution
		SolutionGuid = {1019F5C4-73E8-48EF-8990-8BE32F63C69B}
	EndGlobalSection
EndGlobal
